
Microsoft Visual Studio Solution File, Format Version 12.00
# Visual Studio Version 16
VisualStudioVersion = 16.0.32002.261
MinimumVisualStudioVersion = 10.0.40219.1
Project("{FAE04EC0-301F-11D3-BF4B-00C04F79EFBC}") = "numberClass", "numberClass\numberClass.csproj", "{1195F3B7-4780-4683-95C0-C205E280C5B8}"
EndProject
Global
	GlobalSection(SolutionConfigurationPlatforms) = preSolution
		Debug|Any CPU = Debug|Any CPU
		Release|Any CPU = Release|Any CPU
	EndGlobalSection
	GlobalSection(ProjectConfigurationPlatforms) = postSolution
		{1195F3B7-4780-4683-95C0-C205E280C5B8}.Debug|Any CPU.ActiveCfg = Debug|Any CPU
		{1195F3B7-4780-4683-95C0-C205E280C5B8}.Debug|Any CPU.Build.0 = Debug|Any CPU
		{1195F3B7-4780-4683-95C0-C205E280C5B8}.Release|Any CPU.ActiveCfg = Release|Any CPU
		{1195F3B7-4780-4683-95C0-C205E280C5B8}.Release|Any CPU.Build.0 = Release|Any CPU
	EndGlobalSection
	GlobalSection(SolutionProperties) = preSolution
		HideSolutionNode = FALSE
	EndGlobalSection
	GlobalSection(ExtensibilityGlobals) = postSolution
		SolutionGuid = {3B53D9AB-3496-4197-876A-3504D65531F5}
	EndGlobalSection
EndGlobal
